<Solution>
  <Folder Name="/src/">
    <Project Path="src/Demo.Application/Demo.Application.csproj" />
    <Project Path="src/Demo.Domain/Demo.Domain.csproj" />
    <Project Path="src/Demo.Infrastructure/Demo.Infrastructure.csproj" />
    <Project Path="src/Demo.Web/Demo.Web.csproj" />
  </Folder>
</Solution>
